// !$*UTF8*$!
{
	archiveVersion = 1;
	classes = {
	};
	objectVersion = 50;
	objects = {

/* Begin PBXBuildFile section */
		273BF4F421553E2400AA4B3E /* AppDelegate.swift in Sources */ = {isa = PBXBuildFile; fileRef = 273BF4F321553E2400AA4B3E /* AppDelegate.swift */; };
		273BF4F621553E2400AA4B3E /* ViewController.swift in Sources */ = {isa = PBXBuildFile; fileRef = 273BF4F521553E2400AA4B3E /* ViewController.swift */; };
		273BF4F921553E2400AA4B3E /* Main.storyboard in Resources */ = {isa = PBXBuildFile; fileRef = 273BF4F721553E2400AA4B3E /* Main.storyboard */; };
		273BF4FB21553E2500AA4B3E /* Assets.xcassets in Resources */ = {isa = PBXBuildFile; fileRef = 273BF4FA21553E2500AA4B3E /* Assets.xcassets */; };
		273BF4FE21553E2500AA4B3E /* LaunchScreen.storyboard in Resources */ = {isa = PBXBuildFile; fileRef = 273BF4FC21553E2500AA4B3E /* LaunchScreen.storyboard */; };
		273BF50921553E2500AA4B3E /* Project_1_Founders_DirectoryTests.swift in Sources */ = {isa = PBXBuildFile; fileRef = 273BF50821553E2500AA4B3E /* Project_1_Founders_DirectoryTests.swift */; };
		273BF51421553E2500AA4B3E /* Project_1_Founders_DirectoryUITests.swift in Sources */ = {isa = PBXBuildFile; fileRef = 273BF51321553E2500AA4B3E /* Project_1_Founders_DirectoryUITests.swift */; };
/* End PBXBuildFile section */

/* Begin PBXContainerItemProxy section */
		273BF50521553E2500AA4B3E /* PBXContainerItemProxy */ = {
			isa = PBXContainerItemProxy;
			containerPortal = 273BF4E821553E2400AA4B3E /* Project object */;
			proxyType = 1;
			remoteGlobalIDString = 273BF4EF21553E2400AA4B3E;
			remoteInfo = "Project 1 Founders Directory";
		};
		273BF51021553E2500AA4B3E /* PBXContainerItemProxy */ = {
			isa = PBXContainerItemProxy;
			containerPortal = 273BF4E821553E2400AA4B3E /* Project object */;
			proxyType = 1;
			remoteGlobalIDString = 273BF4EF21553E2400AA4B3E;
			remoteInfo = "Project 1 Founders Directory";
		};
/* End PBXContainerItemProxy section */

/* Begin PBXFileReference section */
		273BF4F021553E2400AA4B3E /* Project 1 Founders Directory.app */ = {isa = PBXFileReference; explicitFileType = wrapper.application; includeInIndex = 0; path = "Project 1 Founders Directory.app"; sourceTree = BUILT_PRODUCTS_DIR; };
		273BF4F321553E2400AA4B3E /* AppDelegate.swift */ = {isa = PBXFileReference; lastKnownFileType = sourcecode.swift; path = AppDelegate.swift; sourceTree = "<group>"; };
		273BF4F521553E2400AA4B3E /* ViewController.swift */ = {isa = PBXFileReference; lastKnownFileType = sourcecode.swift; path = ViewController.swift; sourceTree = "<group>"; };
		273BF4F821553E2400AA4B3E /* Base */ = {isa = PBXFileReference; lastKnownFileType = file.storyboard; name = Base; path = Base.lproj/Main.storyboard; sourceTree = "<group>"; };
		273BF4FA21553E2500AA4B3E /* Assets.xcassets */ = {isa = PBXFileReference; lastKnownFileType = folder.assetcatalog; path = Assets.xcassets; sourceTree = "<group>"; };
		273BF4FD21553E2500AA4B3E /* Base */ = {isa = PBXFileReference; lastKnownFileType = file.storyboard; name = Base; path = Base.lproj/LaunchScreen.storyboard; sourceTree = "<group>"; };
		273BF4FF21553E2500AA4B3E /* Info.plist */ = {isa = PBXFileReference; lastKnownFileType = text.plist.xml; path = Info.plist; sourceTree = "<group>"; };
		273BF50421553E2500AA4B3E /* Project 1 Founders DirectoryTests.xctest */ = {isa = PBXFileReference; explicitFileType = wrapper.cfbundle; includeInIndex = 0; path = "Project 1 Founders DirectoryTests.xctest"; sourceTree = BUILT_PRODUCTS_DIR; };
		273BF50821553E2500AA4B3E /* Project_1_Founders_DirectoryTests.swift */ = {isa = PBXFileReference; lastKnownFileType = sourcecode.swift; path = Project_1_Founders_DirectoryTests.swift; sourceTree = "<group>"; };
		273BF50A21553E2500AA4B3E /* Info.plist */ = {isa = PBXFileReference; lastKnownFileType = text.plist.xml; path = Info.plist; sourceTree = "<group>"; };
		273BF50F21553E2500AA4B3E /* Project 1 Founders DirectoryUITests.xctest */ = {isa = PBXFileReference; explicitFileType = wrapper.cfbundle; includeInIndex = 0; path = "Project 1 Founders DirectoryUITests.xctest"; sourceTree = BUILT_PRODUCTS_DIR; };
		273BF51321553E2500AA4B3E /* Project_1_Founders_DirectoryUITests.swift */ = {isa = PBXFileReference; lastKnownFileType = sourcecode.swift; path = Project_1_Founders_DirectoryUITests.swift; sourceTree = "<group>"; };
		273BF51521553E2500AA4B3E /* Info.plist */ = {isa = PBXFileReference; lastKnownFileType = text.plist.xml; path = Info.plist; sourceTree = "<group>"; };
/* End PBXFileReference section */

/* Begin PBXFrameworksBuildPhase section */
		273BF4ED21553E2400AA4B3E /* Frameworks */ = {
			isa = PBXFrameworksBuildPhase;
			buildActionMask = 2147483647;
			files = (
			);
			runOnlyForDeploymentPostprocessing = 0;
		};
		273BF50121553E2500AA4B3E /* Frameworks */ = {
			isa = PBXFrameworksBuildPhase;
			buildActionMask = 2147483647;
			files = (
			);
			runOnlyForDeploymentPostprocessing = 0;
		};
		273BF50C21553E2500AA4B3E /* Frameworks */ = {
			isa = PBXFrameworksBuildPhase;
			buildActionMask = 2147483647;
			files = (
			);
			runOnlyForDeploymentPostprocessing = 0;
		};
/* End PBXFrameworksBuildPhase section */

/* Begin PBXGroup section */
		273BF4E721553E2400AA4B3E = {
			isa = PBXGroup;
			children = (
				273BF4F221553E2400AA4B3E /* Project 1 Founders Directory */,
				273BF50721553E2500AA4B3E /* Project 1 Founders DirectoryTests */,
				273BF51221553E2500AA4B3E /* Project 1 Founders DirectoryUITests */,
				273BF4F121553E2400AA4B3E /* Products */,
			);
			sourceTree = "<group>";
		};
		273BF4F121553E2400AA4B3E /* Products */ = {
			isa = PBXGroup;
			children = (
				273BF4F021553E2400AA4B3E /* Project 1 Founders Directory.app */,
				273BF50421553E2500AA4B3E /* Project 1 Founders DirectoryTests.xctest */,
				273BF50F21553E2500AA4B3E /* Project 1 Founders DirectoryUITests.xctest */,
			);
			name = Products;
			sourceTree = "<group>";
		};
		273BF4F221553E2400AA4B3E /* Project 1 Founders Directory */ = {
			isa = PBXGroup;
			children = (
				273BF4F321553E2400AA4B3E /* AppDelegate.swift */,
				273BF4F521553E2400AA4B3E /* ViewController.swift */,
				273BF4F721553E2400AA4B3E /* Main.storyboard */,
				273BF4FA21553E2500AA4B3E /* Assets.xcassets */,
				273BF4FC21553E2500AA4B3E /* LaunchScreen.storyboard */,
				273BF4FF21553E2500AA4B3E /* Info.plist */,
			);
			path = "Project 1 Founders Directory";
			sourceTree = "<group>";
		};
		273BF50721553E2500AA4B3E /* Project 1 Founders DirectoryTests */ = {
			isa = PBXGroup;
			children = (
				273BF50821553E2500AA4B3E /* Project_1_Founders_DirectoryTests.swift */,
				273BF50A21553E2500AA4B3E /* Info.plist */,
			);
			path = "Project 1 Founders DirectoryTests";
			sourceTree = "<group>";
		};
		273BF51221553E2500AA4B3E /* Project 1 Founders DirectoryUITests */ = {
			isa = PBXGroup;
			children = (
				273BF51321553E2500AA4B3E /* Project_1_Founders_DirectoryUITests.swift */,
				273BF51521553E2500AA4B3E /* Info.plist */,
			);
			path = "Project 1 Founders DirectoryUITests";
			sourceTree = "<group>";
		};
/* End PBXGroup section */

/* Begin PBXNativeTarget section */
		273BF4EF21553E2400AA4B3E /* Project 1 Founders Directory */ = {
			isa = PBXNativeTarget;
			buildConfigurationList = 273BF51821553E2500AA4B3E /* Build configuration list for PBXNativeTarget "Project 1 Founders Directory" */;
			buildPhases = (
				273BF4EC21553E2400AA4B3E /* Sources */,
				273BF4ED21553E2400AA4B3E /* Frameworks */,
				273BF4EE21553E2400AA4B3E /* Resources */,
			);
			buildRules = (
			);
			dependencies = (
			);
			name = "Project 1 Founders Directory";
			productName = "Project 1 Founders Directory";
			productReference = 273BF4F021553E2400AA4B3E /* Project 1 Founders Directory.app */;
			productType = "com.apple.product-type.application";
		};
		273BF50321553E2500AA4B3E /* Project 1 Founders DirectoryTests */ = {
			isa = PBXNativeTarget;
			buildConfigurationList = 273BF51B21553E2500AA4B3E /* Build configuration list for PBXNativeTarget "Project 1 Founders DirectoryTests" */;
			buildPhases = (
				273BF50021553E2500AA4B3E /* Sources */,
				273BF50121553E2500AA4B3E /* Frameworks */,
				273BF50221553E2500AA4B3E /* Resources */,
			);
			buildRules = (
			);
			dependencies = (
				273BF50621553E2500AA4B3E /* PBXTargetDependency */,
			);
			name = "Project 1 Founders DirectoryTests";
			productName = "Project 1 Founders DirectoryTests";
			productReference = 273BF50421553E2500AA4B3E /* Project 1 Founders DirectoryTests.xctest */;
			productType = "com.apple.product-type.bundle.unit-test";
		};
		273BF50E21553E2500AA4B3E /* Project 1 Founders DirectoryUITests */ = {
			isa = PBXNativeTarget;
			buildConfigurationList = 273BF51E21553E2500AA4B3E /* Build configuration list for PBXNativeTarget "Project 1 Founders DirectoryUITests" */;
			buildPhases = (
				273BF50B21553E2500AA4B3E /* Sources */,
				273BF50C21553E2500AA4B3E /* Frameworks */,
				273BF50D21553E2500AA4B3E /* Resources */,
			);
			buildRules = (
			);
			dependencies = (
				273BF51121553E2500AA4B3E /* PBXTargetDependency */,
			);
			name = "Project 1 Founders DirectoryUITests";
			productName = "Project 1 Founders DirectoryUITests";
			productReference = 273BF50F21553E2500AA4B3E /* Project 1 Founders DirectoryUITests.xctest */;
			productType = "com.apple.product-type.bundle.ui-testing";
		};
/* End PBXNativeTarget section */

/* Begin PBXProject section */
		273BF4E821553E2400AA4B3E /* Project object */ = {
			isa = PBXProject;
			attributes = {
				LastSwiftUpdateCheck = 1000;
				LastUpgradeCheck = 1000;
				ORGANIZATIONNAME = "Kyle Gill";
				TargetAttributes = {
					273BF4EF21553E2400AA4B3E = {
						CreatedOnToolsVersion = 10.0;
					};
					273BF50321553E2500AA4B3E = {
						CreatedOnToolsVersion = 10.0;
						TestTargetID = 273BF4EF21553E2400AA4B3E;
					};
					273BF50E21553E2500AA4B3E = {
						CreatedOnToolsVersion = 10.0;
						TestTargetID = 273BF4EF21553E2400AA4B3E;
					};
				};
			};
			buildConfigurationList = 273BF4EB21553E2400AA4B3E /* Build configuration list for PBXProject "Project 1 Founders Directory" */;
			compatibilityVersion = "Xcode 9.3";
			developmentRegion = en;
			hasScannedForEncodings = 0;
			knownRegions = (
				en,
				Base,
			);
			mainGroup = 273BF4E721553E2400AA4B3E;
			productRefGroup = 273BF4F121553E2400AA4B3E /* Products */;
			projectDirPath = "";
			projectRoot = "";
			targets = (
				273BF4EF21553E2400AA4B3E /* Project 1 Founders Directory */,
				273BF50321553E2500AA4B3E /* Project 1 Founders DirectoryTests */,
				273BF50E21553E2500AA4B3E /* Project 1 Founders DirectoryUITests */,
			);
		};
/* End PBXProject section */

/* Begin PBXResourcesBuildPhase section */
		273BF4EE21553E2400AA4B3E /* Resources */ = {
			isa = PBXResourcesBuildPhase;
			buildActionMask = 2147483647;
			files = (
				273BF4FE21553E2500AA4B3E /* LaunchScreen.storyboard in Resources */,
				273BF4FB21553E2500AA4B3E /* Assets.xcassets in Resources */,
				273BF4F921553E2400AA4B3E /* Main.storyboard in Resources */,
			);
			runOnlyForDeploymentPostprocessing = 0;
		};
		273BF50221553E2500AA4B3E /* Resources */ = {
			isa = PBXResourcesBuildPhase;
			buildActionMask = 2147483647;
			files = (
			);
			runOnlyForDeploymentPostprocessing = 0;
		};
		273BF50D21553E2500AA4B3E /* Resources */ = {
			isa = PBXResourcesBuildPhase;
			buildActionMask = 2147483647;
			files = (
			);
			runOnlyForDeploymentPostprocessing = 0;
		};
/* End PBXResourcesBuildPhase section */

/* Begin PBXSourcesBuildPhase section */
		273BF4EC21553E2400AA4B3E /* Sources */ = {
			isa = PBXSourcesBuildPhase;
			buildActionMask = 2147483647;
			files = (
				273BF4F621553E2400AA4B3E /* ViewController.swift in Sources */,
				273BF4F421553E2400AA4B3E /* AppDelegate.swift in Sources */,
			);
			runOnlyForDeploymentPostprocessing = 0;
		};
		273BF50021553E2500AA4B3E /* Sources */ = {
			isa = PBXSourcesBuildPhase;
			buildActionMask = 2147483647;
			files = (
				273BF50921553E2500AA4B3E /* Project_1_Founders_DirectoryTests.swift in Sources */,
			);
			runOnlyForDeploymentPostprocessing = 0;
		};
		273BF50B21553E2500AA4B3E /* Sources */ = {
			isa = PBXSourcesBuildPhase;
			buildActionMask = 2147483647;
			files = (
				273BF51421553E2500AA4B3E /* Project_1_Founders_DirectoryUITests.swift in Sources */,
			);
			runOnlyForDeploymentPostprocessing = 0;
		};
/* End PBXSourcesBuildPhase section */

/* Begin PBXTargetDependency section */
		273BF50621553E2500AA4B3E /* PBXTargetDependency */ = {
			isa = PBXTargetDependency;
			target = 273BF4EF21553E2400AA4B3E /* Project 1 Founders Directory */;
			targetProxy = 273BF50521553E2500AA4B3E /* PBXContainerItemProxy */;
		};
		273BF51121553E2500AA4B3E /* PBXTargetDependency */ = {
			isa = PBXTargetDependency;
			target = 273BF4EF21553E2400AA4B3E /* Project 1 Founders Directory */;
			targetProxy = 273BF51021553E2500AA4B3E /* PBXContainerItemProxy */;
		};
/* End PBXTargetDependency section */

/* Begin PBXVariantGroup section */
		273BF4F721553E2400AA4B3E /* Main.storyboard */ = {
			isa = PBXVariantGroup;
			children = (
				273BF4F821553E2400AA4B3E /* Base */,
			);
			name = Main.storyboard;
			sourceTree = "<group>";
		};
		273BF4FC21553E2500AA4B3E /* LaunchScreen.storyboard */ = {
			isa = PBXVariantGroup;
			children = (
				273BF4FD21553E2500AA4B3E /* Base */,
			);
			name = LaunchScreen.storyboard;
			sourceTree = "<group>";
		};
/* End PBXVariantGroup section */

/* Begin XCBuildConfiguration section */
		273BF51621553E2500AA4B3E /* Debug */ = {
			isa = XCBuildConfiguration;
			buildSettings = {
				ALWAYS_SEARCH_USER_PATHS = NO;
				CLANG_ANALYZER_NONNULL = YES;
				CLANG_ANALYZER_NUMBER_OBJECT_CONVERSION = YES_AGGRESSIVE;
				CLANG_CXX_LANGUAGE_STANDARD = "gnu++14";
				CLANG_CXX_LIBRARY = "libc++";
				CLANG_ENABLE_MODULES = YES;
				CLANG_ENABLE_OBJC_ARC = YES;
				CLANG_ENABLE_OBJC_WEAK = YES;
				CLANG_WARN_BLOCK_CAPTURE_AUTORELEASING = YES;
				CLANG_WARN_BOOL_CONVERSION = YES;
				CLANG_WARN_COMMA = YES;
				CLANG_WARN_CONSTANT_CONVERSION = YES;
				CLANG_WARN_DEPRECATED_OBJC_IMPLEMENTATIONS = YES;
				CLANG_WARN_DIRECT_OBJC_ISA_USAGE = YES_ERROR;
				CLANG_WARN_DOCUMENTATION_COMMENTS = YES;
				CLANG_WARN_EMPTY_BODY = YES;
				CLANG_WARN_ENUM_CONVERSION = YES;
				CLANG_WARN_INFINITE_RECURSION = YES;
				CLANG_WARN_INT_CONVERSION = YES;
				CLANG_WARN_NON_LITERAL_NULL_CONVERSION = YES;
				CLANG_WARN_OBJC_IMPLICIT_RETAIN_SELF = YES;
				CLANG_WARN_OBJC_LITERAL_CONVERSION = YES;
				CLANG_WARN_OBJC_ROOT_CLASS = YES_ERROR;
				CLANG_WARN_RANGE_LOOP_ANALYSIS = YES;
				CLANG_WARN_STRICT_PROTOTYPES = YES;
				CLANG_WARN_SUSPICIOUS_MOVE = YES;
				CLANG_WARN_UNGUARDED_AVAILABILITY = YES_AGGRESSIVE;
				CLANG_WARN_UNREACHABLE_CODE = YES;
				CLANG_WARN__DUPLICATE_METHOD_MATCH = YES;
				CODE_SIGN_IDENTITY = "iPhone Developer";
				COPY_PHASE_STRIP = NO;
				DEBUG_INFORMATION_FORMAT = dwarf;
				ENABLE_STRICT_OBJC_MSGSEND = YES;
				ENABLE_TESTABILITY = YES;
				GCC_C_LANGUAGE_STANDARD = gnu11;
				GCC_DYNAMIC_NO_PIC = NO;
				GCC_NO_COMMON_BLOCKS = YES;
				GCC_OPTIMIZATION_LEVEL = 0;
				GCC_PREPROCESSOR_DEFINITIONS = (
					"DEBUG=1",
					"$(inherited)",
				);
				GCC_WARN_64_TO_32_BIT_CONVERSION = YES;
				GCC_WARN_ABOUT_RETURN_TYPE = YES_ERROR;
				GCC_WARN_UNDECLARED_SELECTOR = YES;
				GCC_WARN_UNINITIALIZED_AUTOS = YES_AGGRESSIVE;
				GCC_WARN_UNUSED_FUNCTION = YES;
				GCC_WARN_UNUSED_VARIABLE = YES;
				IPHONEOS_DEPLOYMENT_TARGET = 12.0;
				MTL_ENABLE_DEBUG_INFO = INCLUDE_SOURCE;
				MTL_FAST_MATH = YES;
				ONLY_ACTIVE_ARCH = YES;
				SDKROOT = iphoneos;
				SWIFT_ACTIVE_COMPILATION_CONDITIONS = DEBUG;
				SWIFT_OPTIMIZATION_LEVEL = "-Onone";
			};
			name = Debug;
		};
		273BF51721553E2500AA4B3E /* Release */ = {
			isa = XCBuildConfiguration;
			buildSettings = {
				ALWAYS_SEARCH_USER_PATHS = NO;
				CLANG_ANALYZER_NONNULL = YES;
				CLANG_ANALYZER_NUMBER_OBJECT_CONVERSION = YES_AGGRESSIVE;
				CLANG_CXX_LANGUAGE_STANDARD = "gnu++14";
				CLANG_CXX_LIBRARY = "libc++";
				CLANG_ENABLE_MODULES = YES;
				CLANG_ENABLE_OBJC_ARC = YES;
				CLANG_ENABLE_OBJC_WEAK = YES;
				CLANG_WARN_BLOCK_CAPTURE_AUTORELEASING = YES;
				CLANG_WARN_BOOL_CONVERSION = YES;
				CLANG_WARN_COMMA = YES;
				CLANG_WARN_CONSTANT_CONVERSION = YES;
				CLANG_WARN_DEPRECATED_OBJC_IMPLEMENTATIONS = YES;
				CLANG_WARN_DIRECT_OBJC_ISA_USAGE = YES_ERROR;
				CLANG_WARN_DOCUMENTATION_COMMENTS = YES;
				CLANG_WARN_EMPTY_BODY = YES;
				CLANG_WARN_ENUM_CONVERSION = YES;
				CLANG_WARN_INFINITE_RECURSION = YES;
				CLANG_WARN_INT_CONVERSION = YES;
				CLANG_WARN_NON_LITERAL_NULL_CONVERSION = YES;
				CLANG_WARN_OBJC_IMPLICIT_RETAIN_SELF = YES;
				CLANG_WARN_OBJC_LITERAL_CONVERSION = YES;
				CLANG_WARN_OBJC_ROOT_CLASS = YES_ERROR;
				CLANG_WARN_RANGE_LOOP_ANALYSIS = YES;
				CLANG_WARN_STRICT_PROTOTYPES = YES;
				CLANG_WARN_SUSPICIOUS_MOVE = YES;
				CLANG_WARN_UNGUARDED_AVAILABILITY = YES_AGGRESSIVE;
				CLANG_WARN_UNREACHABLE_CODE = YES;
				CLANG_WARN__DUPLICATE_METHOD_MATCH = YES;
				CODE_SIGN_IDENTITY = "iPhone Developer";
				COPY_PHASE_STRIP = NO;
				DEBUG_INFORMATION_FORMAT = "dwarf-with-dsym";
				ENABLE_NS_ASSERTIONS = NO;
				ENABLE_STRICT_OBJC_MSGSEND = YES;
				GCC_C_LANGUAGE_STANDARD = gnu11;
				GCC_NO_COMMON_BLOCKS = YES;
				GCC_WARN_64_TO_32_BIT_CONVERSION = YES;
				GCC_WARN_ABOUT_RETURN_TYPE = YES_ERROR;
				GCC_WARN_UNDECLARED_SELECTOR = YES;
				GCC_WARN_UNINITIALIZED_AUTOS = YES_AGGRESSIVE;
				GCC_WARN_UNUSED_FUNCTION = YES;
				GCC_WARN_UNUSED_VARIABLE = YES;
				IPHONEOS_DEPLOYMENT_TARGET = 12.0;
				MTL_ENABLE_DEBUG_INFO = NO;
				MTL_FAST_MATH = YES;
				SDKROOT = iphoneos;
				SWIFT_COMPILATION_MODE = wholemodule;
				SWIFT_OPTIMIZATION_LEVEL = "-O";
				VALIDATE_PRODUCT = YES;
			};
			name = Release;
		};
		273BF51921553E2500AA4B3E /* Debug */ = {
			isa = XCBuildConfiguration;
			buildSettings = {
				ASSETCATALOG_COMPILER_APPICON_NAME = AppIcon;
				CODE_SIGN_STYLE = Automatic;
				INFOPLIST_FILE = "Project 1 Founders Directory/Info.plist";
				LD_RUNPATH_SEARCH_PATHS = (
					"$(inherited)",
					"@executable_path/Frameworks",
				);
				PRODUCT_BUNDLE_IDENTIFIER = "KyleGill.Project-1-Founders-Directory";
				PRODUCT_NAME = "$(TARGET_NAME)";
				SWIFT_VERSION = 4.2;
				TARGETED_DEVICE_FAMILY = "1,2";
			};
			name = Debug;
		};
		273BF51A21553E2500AA4B3E /* Release */ = {
			isa = XCBuildConfiguration;
			buildSettings = {
				ASSETCATALOG_COMPILER_APPICON_NAME = AppIcon;
				CODE_SIGN_STYLE = Automatic;
				INFOPLIST_FILE = "Project 1 Founders Directory/Info.plist";
				LD_RUNPATH_SEARCH_PATHS = (
					"$(inherited)",
					"@executable_path/Frameworks",
				);
				PRODUCT_BUNDLE_IDENTIFIER = "KyleGill.Project-1-Founders-Directory";
				PRODUCT_NAME = "$(TARGET_NAME)";
				SWIFT_VERSION = 4.2;
				TARGETED_DEVICE_FAMILY = "1,2";
			};
			name = Release;
		};
		273BF51C21553E2500AA4B3E /* Debug */ = {
			isa = XCBuildConfiguration;
			buildSettings = {
				ALWAYS_EMBED_SWIFT_STANDARD_LIBRARIES = YES;
				BUNDLE_LOADER = "$(TEST_HOST)";
				CODE_SIGN_STYLE = Automatic;
				INFOPLIST_FILE = "Project 1 Founders DirectoryTests/Info.plist";
				LD_RUNPATH_SEARCH_PATHS = (
					"$(inherited)",
					"@executable_path/Frameworks",
					"@loader_path/Frameworks",
				);
				PRODUCT_BUNDLE_IDENTIFIER = "KyleGill.Project-1-Founders-DirectoryTests";
				PRODUCT_NAME = "$(TARGET_NAME)";
				SWIFT_VERSION = 4.2;
				TARGETED_DEVICE_FAMILY = "1,2";
				TEST_HOST = "$(BUILT_PRODUCTS_DIR)/Project 1 Founders Directory.app/Project 1 Founders Directory";
			};
			name = Debug;
		};
		273BF51D21553E2500AA4B3E /* Release */ = {
			isa = XCBuildConfiguration;
			buildSettings = {
				ALWAYS_EMBED_SWIFT_STANDARD_LIBRARIES = YES;
				BUNDLE_LOADER = "$(TEST_HOST)";
				CODE_SIGN_STYLE = Automatic;
				INFOPLIST_FILE = "Project 1 Founders DirectoryTests/Info.plist";
				LD_RUNPATH_SEARCH_PATHS = (
					"$(inherited)",
					"@executable_path/Frameworks",
					"@loader_path/Frameworks",
				);
				PRODUCT_BUNDLE_IDENTIFIER = "KyleGill.Project-1-Founders-DirectoryTests";
				PRODUCT_NAME = "$(TARGET_NAME)";
				SWIFT_VERSION = 4.2;
				TARGETED_DEVICE_FAMILY = "1,2";
				TEST_HOST = "$(BUILT_PRODUCTS_DIR)/Project 1 Founders Directory.app/Project 1 Founders Directory";
			};
			name = Release;
		};
		273BF51F21553E2500AA4B3E /* Debug */ = {
			isa = XCBuildConfiguration;
			buildSettings = {
				ALWAYS_EMBED_SWIFT_STANDARD_LIBRARIES = YES;
				CODE_SIGN_STYLE = Automatic;
				INFOPLIST_FILE = "Project 1 Founders DirectoryUITests/Info.plist";
				LD_RUNPATH_SEARCH_PATHS = (
					"$(inherited)",
					"@executable_path/Frameworks",
					"@loader_path/Frameworks",
				);
				PRODUCT_BUNDLE_IDENTIFIER = "KyleGill.Project-1-Founders-DirectoryUITests";
				PRODUCT_NAME = "$(TARGET_NAME)";
				SWIFT_VERSION = 4.2;
				TARGETED_DEVICE_FAMILY = "1,2";
				TEST_TARGET_NAME = "Project 1 Founders Directory";
			};
			name = Debug;
		};
		273BF52021553E2500AA4B3E /* Release */ = {
			isa = XCBuildConfiguration;
			buildSettings = {
				ALWAYS_EMBED_SWIFT_STANDARD_LIBRARIES = YES;
				CODE_SIGN_STYLE = Automatic;
				INFOPLIST_FILE = "Project 1 Founders DirectoryUITests/Info.plist";
				LD_RUNPATH_SEARCH_PATHS = (
					"$(inherited)",
					"@executable_path/Frameworks",
					"@loader_path/Frameworks",
				);
				PRODUCT_BUNDLE_IDENTIFIER = "KyleGill.Project-1-Founders-DirectoryUITests";
				PRODUCT_NAME = "$(TARGET_NAME)";
				SWIFT_VERSION = 4.2;
				TARGETED_DEVICE_FAMILY = "1,2";
				TEST_TARGET_NAME = "Project 1 Founders Directory";
			};
			name = Release;
		};
/* End XCBuildConfiguration section */

/* Begin XCConfigurationList section */
		273BF4EB21553E2400AA4B3E /* Build configuration list for PBXProject "Project 1 Founders Directory" */ = {
			isa = XCConfigurationList;
			buildConfigurations = (
				273BF51621553E2500AA4B3E /* Debug */,
				273BF51721553E2500AA4B3E /* Release */,
			);
			defaultConfigurationIsVisible = 0;
			defaultConfigurationName = Release;
		};
		273BF51821553E2500AA4B3E /* Build configuration list for PBXNativeTarget "Project 1 Founders Directory" */ = {
			isa = XCConfigurationList;
			buildConfigurations = (
				273BF51921553E2500AA4B3E /* Debug */,
				273BF51A21553E2500AA4B3E /* Release */,
			);
			defaultConfigurationIsVisible = 0;
			defaultConfigurationName = Release;
		};
		273BF51B21553E2500AA4B3E /* Build configuration list for PBXNativeTarget "Project 1 Founders DirectoryTests" */ = {
			isa = XCConfigurationList;
			buildConfigurations = (
				273BF51C21553E2500AA4B3E /* Debug */,
				273BF51D21553E2500AA4B3E /* Release */,
			);
			defaultConfigurationIsVisible = 0;
			defaultConfigurationName = Release;
		};
		273BF51E21553E2500AA4B3E /* Build configuration list for PBXNativeTarget "Project 1 Founders DirectoryUITests" */ = {
			isa = XCConfigurationList;
			buildConfigurations = (
				273BF51F21553E2500AA4B3E /* Debug */,
				273BF52021553E2500AA4B3E /* Release */,
			);
			defaultConfigurationIsVisible = 0;
			defaultConfigurationName = Release;
		};
/* End XCConfigurationList section */
	};
	rootObject = 273BF4E821553E2400AA4B3E /* Project object */;
}
